
Microsoft Visual Studio Solution File, Format Version 12.00
# Visual Studio 2015
Project("{FAE04EC0-301F-11D3-BF4B-00C04F79EFBC}") = "JamMan.Plugins", "JamMan.Plugins.csproj", "{67EB7879-A772-7069-3048-575B72AF29DF}"
EndProject
Project("{FAE04EC0-301F-11D3-BF4B-00C04F79EFBC}") = "JamMan", "JamMan.csproj", "{01B4C3F8-745D-86DC-11DF-B11C4B5A2B90}"
EndProject
Project("{FAE04EC0-301F-11D3-BF4B-00C04F79EFBC}") = "JamMan.Editor.Plugins", "JamMan.Editor.Plugins.csproj", "{EA2AC507-D67C-96F3-3FD6-41F00436D119}"
EndProject
Project("{FAE04EC0-301F-11D3-BF4B-00C04F79EFBC}") = "JamMan.Editor", "JamMan.Editor.csproj", "{532C3797-2D36-492C-F414-3A4D858F0862}"
EndProject
Global
	GlobalSection(SolutionConfigurationPlatforms) = preSolution
		Debug|Any CPU = Debug|Any CPU
		Release|Any CPU = Release|Any CPU
	EndGlobalSection
	GlobalSection(ProjectConfigurationPlatforms) = postSolution
		{67EB7879-A772-7069-3048-575B72AF29DF}.Debug|Any CPU.ActiveCfg = Debug|Any CPU
		{67EB7879-A772-7069-3048-575B72AF29DF}.Debug|Any CPU.Build.0 = Debug|Any CPU
		{67EB7879-A772-7069-3048-575B72AF29DF}.Release|Any CPU.ActiveCfg = Release|Any CPU
		{67EB7879-A772-7069-3048-575B72AF29DF}.Release|Any CPU.Build.0 = Release|Any CPU
		{01B4C3F8-745D-86DC-11DF-B11C4B5A2B90}.Debug|Any CPU.ActiveCfg = Debug|Any CPU
		{01B4C3F8-745D-86DC-11DF-B11C4B5A2B90}.Debug|Any CPU.Build.0 = Debug|Any CPU
		{01B4C3F8-745D-86DC-11DF-B11C4B5A2B90}.Release|Any CPU.ActiveCfg = Release|Any CPU
		{01B4C3F8-745D-86DC-11DF-B11C4B5A2B90}.Release|Any CPU.Build.0 = Release|Any CPU
		{EA2AC507-D67C-96F3-3FD6-41F00436D119}.Debug|Any CPU.ActiveCfg = Debug|Any CPU
		{EA2AC507-D67C-96F3-3FD6-41F00436D119}.Debug|Any CPU.Build.0 = Debug|Any CPU
		{EA2AC507-D67C-96F3-3FD6-41F00436D119}.Release|Any CPU.ActiveCfg = Release|Any CPU
		{EA2AC507-D67C-96F3-3FD6-41F00436D119}.Release|Any CPU.Build.0 = Release|Any CPU
		{532C3797-2D36-492C-F414-3A4D858F0862}.Debug|Any CPU.ActiveCfg = Debug|Any CPU
		{532C3797-2D36-492C-F414-3A4D858F0862}.Debug|Any CPU.Build.0 = Debug|Any CPU
		{532C3797-2D36-492C-F414-3A4D858F0862}.Release|Any CPU.ActiveCfg = Release|Any CPU
		{532C3797-2D36-492C-F414-3A4D858F0862}.Release|Any CPU.Build.0 = Release|Any CPU
	EndGlobalSection
	GlobalSection(SolutionProperties) = preSolution
		HideSolutionNode = FALSE
	EndGlobalSection
EndGlobal
